
Microsoft Visual Studio Solution File, Format Version 12.00
# Visual Studio 15
VisualStudioVersion = 15.0.26403.7
MinimumVisualStudioVersion = 10.0.40219.1
Project("{FAE04EC0-301F-11D3-BF4B-00C04F79EFBC}") = "ikit-mita-hw1", "ikit-mita-hw1\ikit-mita-hw1.csproj", "{7D0A63AA-C25E-4097-9DEE-2D3084B5360C}"
EndProject
Project("{FAE04EC0-301F-11D3-BF4B-00C04F79EFBC}") = "Model", "Model\Model.csproj", "{15B2A2E0-36E5-4610-90EF-85167CDF385C}"
EndProject
Global
	GlobalSection(SolutionConfigurationPlatforms) = preSolution
		Debug|Any CPU = Debug|Any CPU
		Release|Any CPU = Release|Any CPU
	EndGlobalSection
	GlobalSection(ProjectConfigurationPlatforms) = postSolution
		{7D0A63AA-C25E-4097-9DEE-2D3084B5360C}.Debug|Any CPU.ActiveCfg = Debug|Any CPU
		{7D0A63AA-C25E-4097-9DEE-2D3084B5360C}.Debug|Any CPU.Build.0 = Debug|Any CPU
		{7D0A63AA-C25E-4097-9DEE-2D3084B5360C}.Release|Any CPU.ActiveCfg = Release|Any CPU
		{7D0A63AA-C25E-4097-9DEE-2D3084B5360C}.Release|Any CPU.Build.0 = Release|Any CPU
		{15B2A2E0-36E5-4610-90EF-85167CDF385C}.Debug|Any CPU.ActiveCfg = Debug|Any CPU
		{15B2A2E0-36E5-4610-90EF-85167CDF385C}.Debug|Any CPU.Build.0 = Debug|Any CPU
		{15B2A2E0-36E5-4610-90EF-85167CDF385C}.Release|Any CPU.ActiveCfg = Release|Any CPU
		{15B2A2E0-36E5-4610-90EF-85167CDF385C}.Release|Any CPU.Build.0 = Release|Any CPU
	EndGlobalSection
	GlobalSection(SolutionProperties) = preSolution
		HideSolutionNode = FALSE
	EndGlobalSection
EndGlobal
